
Microsoft Visual Studio Solution File, Format Version 12.00
# Visual Studio Version 17
VisualStudioVersion = 17.5.33530.505
MinimumVisualStudioVersion = 10.0.40219.1
Project("{FAE04EC0-301F-11D3-BF4B-00C04F79EFBC}") = "MyCustomViewEngine", "MyCustomViewEngine.csproj", "{8381A81E-8248-40B6-AD42-258A546A5512}"
EndProject
Global
	GlobalSection(SolutionConfigurationPlatforms) = preSolution
		Debug|Any CPU = Debug|Any CPU
		Release|Any CPU = Release|Any CPU
	EndGlobalSection
	GlobalSection(ProjectConfigurationPlatforms) = postSolution
		{8381A81E-8248-40B6-AD42-258A546A5512}.Debug|Any CPU.ActiveCfg = Debug|Any CPU
		{8381A81E-8248-40B6-AD42-258A546A5512}.Debug|Any CPU.Build.0 = Debug|Any CPU
		{8381A81E-8248-40B6-AD42-258A546A5512}.Release|Any CPU.ActiveCfg = Release|Any CPU
		{8381A81E-8248-40B6-AD42-258A546A5512}.Release|Any CPU.Build.0 = Release|Any CPU
	EndGlobalSection
	GlobalSection(SolutionProperties) = preSolution
		HideSolutionNode = FALSE
	EndGlobalSection
	GlobalSection(ExtensibilityGlobals) = postSolution
		SolutionGuid = {B3B88B9C-7C97-401C-827A-7FE1BBFB0776}
	EndGlobalSection
EndGlobal
